
Microsoft Visual Studio Solution File, Format Version 12.00
# Visual Studio Version 17
VisualStudioVersion = 17.0.31903.59
MinimumVisualStudioVersion = 10.0.40219.1
Project("{2150E333-8FDC-42A3-9474-1A3956D46DE8}") = "src", "src", "{CD43B96E-FB21-4632-943B-42ED3C461BDA}"
EndProject
Project("{FAE04EC0-301F-11D3-BF4B-00C04F79EFBC}") = "esercizi_dotnet", "src\esercizi_dotnet\esercizi_dotnet.csproj", "{14E8E214-F5B0-4DFB-B39D-3684493FEE1A}"
EndProject
Project("{2150E333-8FDC-42A3-9474-1A3956D46DE8}") = "test", "test", "{BBD8B235-0D07-48CB-B2C0-18182E0D1543}"
EndProject
Project("{FAE04EC0-301F-11D3-BF4B-00C04F79EFBC}") = "esercizi_dotnet.Tests", "test\esercizi_dotnet.Tests\esercizi_dotnet.Tests.csproj", "{58CB9AAC-AECA-4784-AFBE-E13740B77621}"
EndProject
Global
	GlobalSection(SolutionConfigurationPlatforms) = preSolution
		Debug|Any CPU = Debug|Any CPU
		Release|Any CPU = Release|Any CPU
	EndGlobalSection
	GlobalSection(SolutionProperties) = preSolution
		HideSolutionNode = FALSE
	EndGlobalSection
	GlobalSection(ProjectConfigurationPlatforms) = postSolution
		{14E8E214-F5B0-4DFB-B39D-3684493FEE1A}.Debug|Any CPU.ActiveCfg = Debug|Any CPU
		{14E8E214-F5B0-4DFB-B39D-3684493FEE1A}.Debug|Any CPU.Build.0 = Debug|Any CPU
		{14E8E214-F5B0-4DFB-B39D-3684493FEE1A}.Release|Any CPU.ActiveCfg = Release|Any CPU
		{14E8E214-F5B0-4DFB-B39D-3684493FEE1A}.Release|Any CPU.Build.0 = Release|Any CPU
		{58CB9AAC-AECA-4784-AFBE-E13740B77621}.Debug|Any CPU.ActiveCfg = Debug|Any CPU
		{58CB9AAC-AECA-4784-AFBE-E13740B77621}.Debug|Any CPU.Build.0 = Debug|Any CPU
		{58CB9AAC-AECA-4784-AFBE-E13740B77621}.Release|Any CPU.ActiveCfg = Release|Any CPU
		{58CB9AAC-AECA-4784-AFBE-E13740B77621}.Release|Any CPU.Build.0 = Release|Any CPU
	EndGlobalSection
	GlobalSection(NestedProjects) = preSolution
		{14E8E214-F5B0-4DFB-B39D-3684493FEE1A} = {CD43B96E-FB21-4632-943B-42ED3C461BDA}
		{58CB9AAC-AECA-4784-AFBE-E13740B77621} = {BBD8B235-0D07-48CB-B2C0-18182E0D1543}
	EndGlobalSection
EndGlobal
